
Microsoft Visual Studio Solution File, Format Version 12.00
# Visual Studio 14
VisualStudioVersion = 14.0.25420.1
MinimumVisualStudioVersion = 10.0.40219.1
Project("{8BB2217D-0F2D-49D1-97BC-3654ED321F3B}") = "OrangeJetpack.Localization", "src\OrangeJetpack.Localization\OrangeJetpack.Localization.xproj", "{08815FA5-B07D-4D33-936C-690344B2BE6C}"
EndProject
Project("{8BB2217D-0F2D-49D1-97BC-3654ED321F3B}") = "OrangeJetpack.Localization.Tests", "test\OrangeJetpack.Localization.Tests\OrangeJetpack.Localization.Tests.xproj", "{98BBE71A-82FC-4A45-839B-A1716D49F481}"
EndProject
Global
	GlobalSection(SolutionConfigurationPlatforms) = preSolution
		Debug|Any CPU = Debug|Any CPU
		Release|Any CPU = Release|Any CPU
	EndGlobalSection
	GlobalSection(ProjectConfigurationPlatforms) = postSolution
		{08815FA5-B07D-4D33-936C-690344B2BE6C}.Debug|Any CPU.ActiveCfg = Debug|Any CPU
		{08815FA5-B07D-4D33-936C-690344B2BE6C}.Debug|Any CPU.Build.0 = Debug|Any CPU
		{08815FA5-B07D-4D33-936C-690344B2BE6C}.Release|Any CPU.ActiveCfg = Release|Any CPU
		{08815FA5-B07D-4D33-936C-690344B2BE6C}.Release|Any CPU.Build.0 = Release|Any CPU
		{98BBE71A-82FC-4A45-839B-A1716D49F481}.Debug|Any CPU.ActiveCfg = Debug|Any CPU
		{98BBE71A-82FC-4A45-839B-A1716D49F481}.Debug|Any CPU.Build.0 = Debug|Any CPU
		{98BBE71A-82FC-4A45-839B-A1716D49F481}.Release|Any CPU.ActiveCfg = Release|Any CPU
		{98BBE71A-82FC-4A45-839B-A1716D49F481}.Release|Any CPU.Build.0 = Release|Any CPU
	EndGlobalSection
	GlobalSection(SolutionProperties) = preSolution
		HideSolutionNode = FALSE
	EndGlobalSection
EndGlobal
